
Microsoft Visual Studio Solution File, Format Version 12.00
# Visual Studio Version 17
VisualStudioVersion = 17.5.33516.290
MinimumVisualStudioVersion = 10.0.40219.1
Project("{FAE04EC0-301F-11D3-BF4B-00C04F79EFBC}") = "RGB-LED", "RGB-LED\RGB-LED.csproj", "{F787B886-B2D2-43DB-BDF2-DB1221DDF5F2}"
EndProject
Global
	GlobalSection(SolutionConfigurationPlatforms) = preSolution
		Debug|ARM = Debug|ARM
		Debug|ARM64 = Debug|ARM64
		Debug|x64 = Debug|x64
		Debug|x86 = Debug|x86
		Release|ARM = Release|ARM
		Release|ARM64 = Release|ARM64
		Release|x64 = Release|x64
		Release|x86 = Release|x86
	EndGlobalSection
	GlobalSection(ProjectConfigurationPlatforms) = postSolution
		{F787B886-B2D2-43DB-BDF2-DB1221DDF5F2}.Debug|ARM.ActiveCfg = Debug|ARM
		{F787B886-B2D2-43DB-BDF2-DB1221DDF5F2}.Debug|ARM.Build.0 = Debug|ARM
		{F787B886-B2D2-43DB-BDF2-DB1221DDF5F2}.Debug|ARM.Deploy.0 = Debug|ARM
		{F787B886-B2D2-43DB-BDF2-DB1221DDF5F2}.Debug|ARM64.ActiveCfg = Debug|ARM64
		{F787B886-B2D2-43DB-BDF2-DB1221DDF5F2}.Debug|ARM64.Build.0 = Debug|ARM64
		{F787B886-B2D2-43DB-BDF2-DB1221DDF5F2}.Debug|ARM64.Deploy.0 = Debug|ARM64
		{F787B886-B2D2-43DB-BDF2-DB1221DDF5F2}.Debug|x64.ActiveCfg = Debug|x64
		{F787B886-B2D2-43DB-BDF2-DB1221DDF5F2}.Debug|x64.Build.0 = Debug|x64
		{F787B886-B2D2-43DB-BDF2-DB1221DDF5F2}.Debug|x64.Deploy.0 = Debug|x64
		{F787B886-B2D2-43DB-BDF2-DB1221DDF5F2}.Debug|x86.ActiveCfg = Debug|x86
		{F787B886-B2D2-43DB-BDF2-DB1221DDF5F2}.Debug|x86.Build.0 = Debug|x86
		{F787B886-B2D2-43DB-BDF2-DB1221DDF5F2}.Debug|x86.Deploy.0 = Debug|x86
		{F787B886-B2D2-43DB-BDF2-DB1221DDF5F2}.Release|ARM.ActiveCfg = Release|ARM
		{F787B886-B2D2-43DB-BDF2-DB1221DDF5F2}.Release|ARM.Build.0 = Release|ARM
		{F787B886-B2D2-43DB-BDF2-DB1221DDF5F2}.Release|ARM.Deploy.0 = Release|ARM
		{F787B886-B2D2-43DB-BDF2-DB1221DDF5F2}.Release|ARM64.ActiveCfg = Release|ARM64
		{F787B886-B2D2-43DB-BDF2-DB1221DDF5F2}.Release|ARM64.Build.0 = Release|ARM64
		{F787B886-B2D2-43DB-BDF2-DB1221DDF5F2}.Release|ARM64.Deploy.0 = Release|ARM64
		{F787B886-B2D2-43DB-BDF2-DB1221DDF5F2}.Release|x64.ActiveCfg = Release|x64
		{F787B886-B2D2-43DB-BDF2-DB1221DDF5F2}.Release|x64.Build.0 = Release|x64
		{F787B886-B2D2-43DB-BDF2-DB1221DDF5F2}.Release|x64.Deploy.0 = Release|x64
		{F787B886-B2D2-43DB-BDF2-DB1221DDF5F2}.Release|x86.ActiveCfg = Release|x86
		{F787B886-B2D2-43DB-BDF2-DB1221DDF5F2}.Release|x86.Build.0 = Release|x86
		{F787B886-B2D2-43DB-BDF2-DB1221DDF5F2}.Release|x86.Deploy.0 = Release|x86
	EndGlobalSection
	GlobalSection(SolutionProperties) = preSolution
		HideSolutionNode = FALSE
	EndGlobalSection
	GlobalSection(ExtensibilityGlobals) = postSolution
		SolutionGuid = {4AA8BEDD-2027-4E87-A20B-8FF47173D93B}
	EndGlobalSection
EndGlobal
